
Microsoft Visual Studio Solution File, Format Version 12.00
# Visual Studio 14
VisualStudioVersion = 14.0.25420.1
MinimumVisualStudioVersion = 10.0.40219.1
Project("{F184B08F-C81C-45F6-A57F-5ABD9991F28F}") = "MocaWebMvc40", "MocaWebMvc40\MocaWebMvc40.vbproj", "{A0412A17-735B-4D8B-875E-65682CD24D09}"
EndProject
Project("{2150E333-8FDC-42A3-9474-1A3956D46DE8}") = "Solution Items", "Solution Items", "{A1366676-4725-4B46-828B-965B2F674F84}"
	ProjectSection(SolutionItems) = preProject
		LICENSE.md = LICENSE.md
		README.md = README.md
	EndProjectSection
EndProject
Project("{2150E333-8FDC-42A3-9474-1A3956D46DE8}") = ".nuget", ".nuget", "{E55C4A86-6D4A-45BE-96EE-9C1C20DEE2B1}"
	ProjectSection(SolutionItems) = preProject
		.nuget\NuGet.Config = .nuget\NuGet.Config
		.nuget\NuGet.exe = .nuget\NuGet.exe
		.nuget\NuGet.targets = .nuget\NuGet.targets
	EndProjectSection
EndProject
Project("{F184B08F-C81C-45F6-A57F-5ABD9991F28F}") = "MocaWebMvc40.Test", "MocaWebMvc40.Test\MocaWebMvc40.Test.vbproj", "{43F6506F-35AE-4F83-BAFF-4F16E51B21F8}"
EndProject
Project("{F184B08F-C81C-45F6-A57F-5ABD9991F28F}") = "MocaWebMvc45", "MocaWebMvc45\MocaWebMvc45.vbproj", "{20B964F4-1954-413E-A965-E129B7E2E271}"
EndProject
Project("{F184B08F-C81C-45F6-A57F-5ABD9991F28F}") = "MocaWebMvc46", "MocaWebMvc46\MocaWebMvc46.vbproj", "{5E4A2722-7023-4F69-ACEB-309909BDBA54}"
EndProject
Project("{FAE04EC0-301F-11D3-BF4B-00C04F79EFBC}") = "NuGet.Packager", "NuGet.Packager\NuGet.Packager.csproj", "{0451BAEF-DF2E-4B98-8644-94EE9415E389}"
	ProjectSection(ProjectDependencies) = postProject
		{A0412A17-735B-4D8B-875E-65682CD24D09} = {A0412A17-735B-4D8B-875E-65682CD24D09}
		{5E4A2722-7023-4F69-ACEB-309909BDBA54} = {5E4A2722-7023-4F69-ACEB-309909BDBA54}
		{20B964F4-1954-413E-A965-E129B7E2E271} = {20B964F4-1954-413E-A965-E129B7E2E271}
	EndProjectSection
EndProject
Global
	GlobalSection(SolutionConfigurationPlatforms) = preSolution
		Debug|Any CPU = Debug|Any CPU
		Release|Any CPU = Release|Any CPU
	EndGlobalSection
	GlobalSection(ProjectConfigurationPlatforms) = postSolution
		{A0412A17-735B-4D8B-875E-65682CD24D09}.Debug|Any CPU.ActiveCfg = Debug|Any CPU
		{A0412A17-735B-4D8B-875E-65682CD24D09}.Debug|Any CPU.Build.0 = Debug|Any CPU
		{A0412A17-735B-4D8B-875E-65682CD24D09}.Release|Any CPU.ActiveCfg = Release|Any CPU
		{A0412A17-735B-4D8B-875E-65682CD24D09}.Release|Any CPU.Build.0 = Release|Any CPU
		{43F6506F-35AE-4F83-BAFF-4F16E51B21F8}.Debug|Any CPU.ActiveCfg = Debug|Any CPU
		{43F6506F-35AE-4F83-BAFF-4F16E51B21F8}.Debug|Any CPU.Build.0 = Debug|Any CPU
		{43F6506F-35AE-4F83-BAFF-4F16E51B21F8}.Release|Any CPU.ActiveCfg = Release|Any CPU
		{20B964F4-1954-413E-A965-E129B7E2E271}.Debug|Any CPU.ActiveCfg = Debug|Any CPU
		{20B964F4-1954-413E-A965-E129B7E2E271}.Debug|Any CPU.Build.0 = Debug|Any CPU
		{20B964F4-1954-413E-A965-E129B7E2E271}.Release|Any CPU.ActiveCfg = Release|Any CPU
		{20B964F4-1954-413E-A965-E129B7E2E271}.Release|Any CPU.Build.0 = Release|Any CPU
		{5E4A2722-7023-4F69-ACEB-309909BDBA54}.Debug|Any CPU.ActiveCfg = Debug|Any CPU
		{5E4A2722-7023-4F69-ACEB-309909BDBA54}.Debug|Any CPU.Build.0 = Debug|Any CPU
		{5E4A2722-7023-4F69-ACEB-309909BDBA54}.Release|Any CPU.ActiveCfg = Release|Any CPU
		{5E4A2722-7023-4F69-ACEB-309909BDBA54}.Release|Any CPU.Build.0 = Release|Any CPU
		{0451BAEF-DF2E-4B98-8644-94EE9415E389}.Debug|Any CPU.ActiveCfg = Debug|Any CPU
		{0451BAEF-DF2E-4B98-8644-94EE9415E389}.Debug|Any CPU.Build.0 = Debug|Any CPU
		{0451BAEF-DF2E-4B98-8644-94EE9415E389}.Release|Any CPU.ActiveCfg = Release|Any CPU
		{0451BAEF-DF2E-4B98-8644-94EE9415E389}.Release|Any CPU.Build.0 = Release|Any CPU
	EndGlobalSection
	GlobalSection(SolutionProperties) = preSolution
		HideSolutionNode = FALSE
	EndGlobalSection
EndGlobal
